
Microsoft Visual Studio Solution File, Format Version 12.00
# Visual Studio Version 16
VisualStudioVersion = 16.0.31424.327
MinimumVisualStudioVersion = 10.0.40219.1
Project("{FAE04EC0-301F-11D3-BF4B-00C04F79EFBC}") = "DCA profitability", "DCA profitability\DCA profitability.csproj", "{906F389D-34C9-48B3-80D6-7C682DEB665C}"
EndProject
Global
	GlobalSection(SolutionConfigurationPlatforms) = preSolution
		Debug|Any CPU = Debug|Any CPU
		Release|Any CPU = Release|Any CPU
	EndGlobalSection
	GlobalSection(ProjectConfigurationPlatforms) = postSolution
		{906F389D-34C9-48B3-80D6-7C682DEB665C}.Debug|Any CPU.ActiveCfg = Debug|Any CPU
		{906F389D-34C9-48B3-80D6-7C682DEB665C}.Debug|Any CPU.Build.0 = Debug|Any CPU
		{906F389D-34C9-48B3-80D6-7C682DEB665C}.Release|Any CPU.ActiveCfg = Release|Any CPU
		{906F389D-34C9-48B3-80D6-7C682DEB665C}.Release|Any CPU.Build.0 = Release|Any CPU
	EndGlobalSection
	GlobalSection(SolutionProperties) = preSolution
		HideSolutionNode = FALSE
	EndGlobalSection
	GlobalSection(ExtensibilityGlobals) = postSolution
		SolutionGuid = {03C1DB3C-1A6C-41FD-9240-06195B2C8A6F}
	EndGlobalSection
EndGlobal
